// !$*UTF8*$!
{
	archiveVersion = 1;
	classes = {
	};
	objectVersion = 51;
	objects = {

/* Begin PBXBuildFile section */
		238BE50CD4446790BD2F5E03 /* Pods_ForeksCase.framework in Frameworks */ = {isa = PBXBuildFile; fileRef = 61687E1FC10B7C8F4281CA26 /* Pods_ForeksCase.framework */; };
		84F767F52418F2AB004813F1 /* AppDelegate.swift in Sources */ = {isa = PBXBuildFile; fileRef = 84F767F42418F2AB004813F1 /* AppDelegate.swift */; };
		84F767F72418F2AB004813F1 /* SceneDelegate.swift in Sources */ = {isa = PBXBuildFile; fileRef = 84F767F62418F2AB004813F1 /* SceneDelegate.swift */; };
		84F767F92418F2AB004813F1 /* SymbolsViewController.swift in Sources */ = {isa = PBXBuildFile; fileRef = 84F767F82418F2AB004813F1 /* SymbolsViewController.swift */; };
		84F767FC2418F2AB004813F1 /* Main.storyboard in Resources */ = {isa = PBXBuildFile; fileRef = 84F767FA2418F2AB004813F1 /* Main.storyboard */; };
		84F767FF2418F2AB004813F1 /* ForeksCase.xcdatamodeld in Sources */ = {isa = PBXBuildFile; fileRef = 84F767FD2418F2AB004813F1 /* ForeksCase.xcdatamodeld */; };
		84F768012418F2AD004813F1 /* Assets.xcassets in Resources */ = {isa = PBXBuildFile; fileRef = 84F768002418F2AD004813F1 /* Assets.xcassets */; };
		84F768042418F2AD004813F1 /* LaunchScreen.storyboard in Resources */ = {isa = PBXBuildFile; fileRef = 84F768022418F2AD004813F1 /* LaunchScreen.storyboard */; };
		84F76831241901DA004813F1 /* SymbolsViewModel.swift in Sources */ = {isa = PBXBuildFile; fileRef = 84F76830241901DA004813F1 /* SymbolsViewModel.swift */; };
		84F7683424190537004813F1 /* DataProvider.swift in Sources */ = {isa = PBXBuildFile; fileRef = 84F7683324190537004813F1 /* DataProvider.swift */; };
		84F76839241905DA004813F1 /* Symbol.swift in Sources */ = {isa = PBXBuildFile; fileRef = 84F76838241905DA004813F1 /* Symbol.swift */; };
		84F7683C241910F1004813F1 /* SymbolList.swift in Sources */ = {isa = PBXBuildFile; fileRef = 84F7683B241910F1004813F1 /* SymbolList.swift */; };
		84F7683E24191CA9004813F1 /* SymbolDetail.swift in Sources */ = {isa = PBXBuildFile; fileRef = 84F7683D24191CA9004813F1 /* SymbolDetail.swift */; };
		84F76841241947E0004813F1 /* SymbolDataCarrier.swift in Sources */ = {isa = PBXBuildFile; fileRef = 84F76840241947E0004813F1 /* SymbolDataCarrier.swift */; };
		84F76844241A7777004813F1 /* SymbolCell.swift in Sources */ = {isa = PBXBuildFile; fileRef = 84F76843241A7777004813F1 /* SymbolCell.swift */; };
/* End PBXBuildFile section */

/* Begin PBXFileReference section */
		61687E1FC10B7C8F4281CA26 /* Pods_ForeksCase.framework */ = {isa = PBXFileReference; explicitFileType = wrapper.framework; includeInIndex = 0; path = Pods_ForeksCase.framework; sourceTree = BUILT_PRODUCTS_DIR; };
		817F426B6584108C5B882AF3 /* Pods-ForeksCase.release.xcconfig */ = {isa = PBXFileReference; includeInIndex = 1; lastKnownFileType = text.xcconfig; name = "Pods-ForeksCase.release.xcconfig"; path = "Target Support Files/Pods-ForeksCase/Pods-ForeksCase.release.xcconfig"; sourceTree = "<group>"; };
		84F767F12418F2AB004813F1 /* ForeksCase.app */ = {isa = PBXFileReference; explicitFileType = wrapper.application; includeInIndex = 0; path = ForeksCase.app; sourceTree = BUILT_PRODUCTS_DIR; };
		84F767F42418F2AB004813F1 /* AppDelegate.swift */ = {isa = PBXFileReference; lastKnownFileType = sourcecode.swift; path = AppDelegate.swift; sourceTree = "<group>"; };
		84F767F62418F2AB004813F1 /* SceneDelegate.swift */ = {isa = PBXFileReference; lastKnownFileType = sourcecode.swift; path = SceneDelegate.swift; sourceTree = "<group>"; };
		84F767F82418F2AB004813F1 /* SymbolsViewController.swift */ = {isa = PBXFileReference; lastKnownFileType = sourcecode.swift; path = SymbolsViewController.swift; sourceTree = "<group>"; };
		84F767FB2418F2AB004813F1 /* Base */ = {isa = PBXFileReference; lastKnownFileType = file.storyboard; name = Base; path = Base.lproj/Main.storyboard; sourceTree = "<group>"; };
		84F767FE2418F2AB004813F1 /* ForeksCase.xcdatamodel */ = {isa = PBXFileReference; lastKnownFileType = wrapper.xcdatamodel; path = ForeksCase.xcdatamodel; sourceTree = "<group>"; };
		84F768002418F2AD004813F1 /* Assets.xcassets */ = {isa = PBXFileReference; lastKnownFileType = folder.assetcatalog; path = Assets.xcassets; sourceTree = "<group>"; };
		84F768032418F2AD004813F1 /* Base */ = {isa = PBXFileReference; lastKnownFileType = file.storyboard; name = Base; path = Base.lproj/LaunchScreen.storyboard; sourceTree = "<group>"; };
		84F768052418F2AD004813F1 /* Info.plist */ = {isa = PBXFileReference; lastKnownFileType = text.plist.xml; path = Info.plist; sourceTree = "<group>"; };
		84F76830241901DA004813F1 /* SymbolsViewModel.swift */ = {isa = PBXFileReference; lastKnownFileType = sourcecode.swift; path = SymbolsViewModel.swift; sourceTree = "<group>"; };
		84F7683324190537004813F1 /* DataProvider.swift */ = {isa = PBXFileReference; lastKnownFileType = sourcecode.swift; path = DataProvider.swift; sourceTree = "<group>"; };
		84F76838241905DA004813F1 /* Symbol.swift */ = {isa = PBXFileReference; lastKnownFileType = sourcecode.swift; path = Symbol.swift; sourceTree = "<group>"; };
		84F7683B241910F1004813F1 /* SymbolList.swift */ = {isa = PBXFileReference; lastKnownFileType = sourcecode.swift; path = SymbolList.swift; sourceTree = "<group>"; };
		84F7683D24191CA9004813F1 /* SymbolDetail.swift */ = {isa = PBXFileReference; lastKnownFileType = sourcecode.swift; path = SymbolDetail.swift; sourceTree = "<group>"; };
		84F76840241947E0004813F1 /* SymbolDataCarrier.swift */ = {isa = PBXFileReference; lastKnownFileType = sourcecode.swift; path = SymbolDataCarrier.swift; sourceTree = "<group>"; };
		84F76843241A7777004813F1 /* SymbolCell.swift */ = {isa = PBXFileReference; lastKnownFileType = sourcecode.swift; path = SymbolCell.swift; sourceTree = "<group>"; };
		ACD08417C959FB5EB2F4D9F3 /* Pods-ForeksCase.debug.xcconfig */ = {isa = PBXFileReference; includeInIndex = 1; lastKnownFileType = text.xcconfig; name = "Pods-ForeksCase.debug.xcconfig"; path = "Target Support Files/Pods-ForeksCase/Pods-ForeksCase.debug.xcconfig"; sourceTree = "<group>"; };
/* End PBXFileReference section */

/* Begin PBXFrameworksBuildPhase section */
		84F767EE2418F2AB004813F1 /* Frameworks */ = {
			isa = PBXFrameworksBuildPhase;
			buildActionMask = 2147483647;
			files = (
				238BE50CD4446790BD2F5E03 /* Pods_ForeksCase.framework in Frameworks */,
			);
			runOnlyForDeploymentPostprocessing = 0;
		};
/* End PBXFrameworksBuildPhase section */

/* Begin PBXGroup section */
		530BB91343DC6ECDB47145F4 /* Pods */ = {
			isa = PBXGroup;
			children = (
				ACD08417C959FB5EB2F4D9F3 /* Pods-ForeksCase.debug.xcconfig */,
				817F426B6584108C5B882AF3 /* Pods-ForeksCase.release.xcconfig */,
			);
			path = Pods;
			sourceTree = "<group>";
		};
		84F767E82418F2AB004813F1 = {
			isa = PBXGroup;
			children = (
				84F767F32418F2AB004813F1 /* ForeksCase */,
				84F767F22418F2AB004813F1 /* Products */,
				530BB91343DC6ECDB47145F4 /* Pods */,
				F07E2ED7E07ED871BAD5C634 /* Frameworks */,
			);
			sourceTree = "<group>";
		};
		84F767F22418F2AB004813F1 /* Products */ = {
			isa = PBXGroup;
			children = (
				84F767F12418F2AB004813F1 /* ForeksCase.app */,
			);
			name = Products;
			sourceTree = "<group>";
		};
		84F767F32418F2AB004813F1 /* ForeksCase */ = {
			isa = PBXGroup;
			children = (
				84F76842241A7761004813F1 /* Cells */,
				84F76837241905A0004813F1 /* Models */,
				84F7683224190521004813F1 /* Network */,
				84F7682F24190187004813F1 /* ViewModel */,
				84F7682E24190174004813F1 /* Controller */,
				84F767F42418F2AB004813F1 /* AppDelegate.swift */,
				84F767F62418F2AB004813F1 /* SceneDelegate.swift */,
				84F767FA2418F2AB004813F1 /* Main.storyboard */,
				84F768002418F2AD004813F1 /* Assets.xcassets */,
				84F768022418F2AD004813F1 /* LaunchScreen.storyboard */,
				84F768052418F2AD004813F1 /* Info.plist */,
				84F767FD2418F2AB004813F1 /* ForeksCase.xcdatamodeld */,
			);
			path = ForeksCase;
			sourceTree = "<group>";
		};
		84F7682E24190174004813F1 /* Controller */ = {
			isa = PBXGroup;
			children = (
				84F767F82418F2AB004813F1 /* SymbolsViewController.swift */,
			);
			path = Controller;
			sourceTree = "<group>";
		};
		84F7682F24190187004813F1 /* ViewModel */ = {
			isa = PBXGroup;
			children = (
				84F76830241901DA004813F1 /* SymbolsViewModel.swift */,
			);
			path = ViewModel;
			sourceTree = "<group>";
		};
		84F7683224190521004813F1 /* Network */ = {
			isa = PBXGroup;
			children = (
				84F7683324190537004813F1 /* DataProvider.swift */,
			);
			path = Network;
			sourceTree = "<group>";
		};
		84F76837241905A0004813F1 /* Models */ = {
			isa = PBXGroup;
			children = (
				84F7683F241947B6004813F1 /* DataCarrier */,
				84F7683A241910C9004813F1 /* Response */,
			);
			path = Models;
			sourceTree = "<group>";
		};
		84F7683A241910C9004813F1 /* Response */ = {
			isa = PBXGroup;
			children = (
				84F76838241905DA004813F1 /* Symbol.swift */,
				84F7683B241910F1004813F1 /* SymbolList.swift */,
				84F7683D24191CA9004813F1 /* SymbolDetail.swift */,
			);
			path = Response;
			sourceTree = "<group>";
		};
		84F7683F241947B6004813F1 /* DataCarrier */ = {
			isa = PBXGroup;
			children = (
				84F76840241947E0004813F1 /* SymbolDataCarrier.swift */,
			);
			path = DataCarrier;
			sourceTree = "<group>";
		};
		84F76842241A7761004813F1 /* Cells */ = {
			isa = PBXGroup;
			children = (
				84F76843241A7777004813F1 /* SymbolCell.swift */,
			);
			path = Cells;
			sourceTree = "<group>";
		};
		F07E2ED7E07ED871BAD5C634 /* Frameworks */ = {
			isa = PBXGroup;
			children = (
				61687E1FC10B7C8F4281CA26 /* Pods_ForeksCase.framework */,
			);
			name = Frameworks;
			sourceTree = "<group>";
		};
/* End PBXGroup section */

/* Begin PBXNativeTarget section */
		84F767F02418F2AB004813F1 /* ForeksCase */ = {
			isa = PBXNativeTarget;
			buildConfigurationList = 84F768082418F2AD004813F1 /* Build configuration list for PBXNativeTarget "ForeksCase" */;
			buildPhases = (
				B5354AFE2E7B3FFD4207FBC6 /* [CP] Check Pods Manifest.lock */,
				84F767ED2418F2AB004813F1 /* Sources */,
				84F767EE2418F2AB004813F1 /* Frameworks */,
				84F767EF2418F2AB004813F1 /* Resources */,
				E3AF9CCAD8A8193714B0D39F /* [CP] Embed Pods Frameworks */,
			);
			buildRules = (
			);
			dependencies = (
			);
			name = ForeksCase;
			productName = ForeksCase;
			productReference = 84F767F12418F2AB004813F1 /* ForeksCase.app */;
			productType = "com.apple.product-type.application";
		};
/* End PBXNativeTarget section */

/* Begin PBXProject section */
		84F767E92418F2AB004813F1 /* Project object */ = {
			isa = PBXProject;
			attributes = {
				LastSwiftUpdateCheck = 1130;
				LastUpgradeCheck = 1130;
				ORGANIZATIONNAME = yt;
				TargetAttributes = {
					84F767F02418F2AB004813F1 = {
						CreatedOnToolsVersion = 11.3;
					};
				};
			};
			buildConfigurationList = 84F767EC2418F2AB004813F1 /* Build configuration list for PBXProject "ForeksCase" */;
			compatibilityVersion = "Xcode 9.3";
			developmentRegion = en;
			hasScannedForEncodings = 0;
			knownRegions = (
				en,
				Base,
			);
			mainGroup = 84F767E82418F2AB004813F1;
			productRefGroup = 84F767F22418F2AB004813F1 /* Products */;
			projectDirPath = "";
			projectRoot = "";
			targets = (
				84F767F02418F2AB004813F1 /* ForeksCase */,
			);
		};
/* End PBXProject section */

/* Begin PBXResourcesBuildPhase section */
		84F767EF2418F2AB004813F1 /* Resources */ = {
			isa = PBXResourcesBuildPhase;
			buildActionMask = 2147483647;
			files = (
				84F768042418F2AD004813F1 /* LaunchScreen.storyboard in Resources */,
				84F768012418F2AD004813F1 /* Assets.xcassets in Resources */,
				84F767FC2418F2AB004813F1 /* Main.storyboard in Resources */,
			);
			runOnlyForDeploymentPostprocessing = 0;
		};
/* End PBXResourcesBuildPhase section */

/* Begin PBXShellScriptBuildPhase section */
		B5354AFE2E7B3FFD4207FBC6 /* [CP] Check Pods Manifest.lock */ = {
			isa = PBXShellScriptBuildPhase;
			buildActionMask = 2147483647;
			files = (
			);
			inputFileListPaths = (
			);
			inputPaths = (
				"${PODS_PODFILE_DIR_PATH}/Podfile.lock",
				"${PODS_ROOT}/Manifest.lock",
			);
			name = "[CP] Check Pods Manifest.lock";
			outputFileListPaths = (
			);
			outputPaths = (
				"$(DERIVED_FILE_DIR)/Pods-ForeksCase-checkManifestLockResult.txt",
			);
			runOnlyForDeploymentPostprocessing = 0;
			shellPath = /bin/sh;
			shellScript = "diff \"${PODS_PODFILE_DIR_PATH}/Podfile.lock\" \"${PODS_ROOT}/Manifest.lock\" > /dev/null\nif [ $? != 0 ] ; then\n    # print error to STDERR\n    echo \"error: The sandbox is not in sync with the Podfile.lock. Run 'pod install' or update your CocoaPods installation.\" >&2\n    exit 1\nfi\n# This output is used by Xcode 'outputs' to avoid re-running this script phase.\necho \"SUCCESS\" > \"${SCRIPT_OUTPUT_FILE_0}\"\n";
			showEnvVarsInLog = 0;
		};
		E3AF9CCAD8A8193714B0D39F /* [CP] Embed Pods Frameworks */ = {
			isa = PBXShellScriptBuildPhase;
			buildActionMask = 2147483647;
			files = (
			);
			inputFileListPaths = (
				"${PODS_ROOT}/Target Support Files/Pods-ForeksCase/Pods-ForeksCase-frameworks-${CONFIGURATION}-input-files.xcfilelist",
			);
			name = "[CP] Embed Pods Frameworks";
			outputFileListPaths = (
				"${PODS_ROOT}/Target Support Files/Pods-ForeksCase/Pods-ForeksCase-frameworks-${CONFIGURATION}-output-files.xcfilelist",
			);
			runOnlyForDeploymentPostprocessing = 0;
			shellPath = /bin/sh;
			shellScript = "\"${PODS_ROOT}/Target Support Files/Pods-ForeksCase/Pods-ForeksCase-frameworks.sh\"\n";
			showEnvVarsInLog = 0;
		};
/* End PBXShellScriptBuildPhase section */

/* Begin PBXSourcesBuildPhase section */
		84F767ED2418F2AB004813F1 /* Sources */ = {
			isa = PBXSourcesBuildPhase;
			buildActionMask = 2147483647;
			files = (
				84F7683424190537004813F1 /* DataProvider.swift in Sources */,
				84F7683E24191CA9004813F1 /* SymbolDetail.swift in Sources */,
				84F767F92418F2AB004813F1 /* SymbolsViewController.swift in Sources */,
				84F767FF2418F2AB004813F1 /* ForeksCase.xcdatamodeld in Sources */,
				84F767F52418F2AB004813F1 /* AppDelegate.swift in Sources */,
				84F76839241905DA004813F1 /* Symbol.swift in Sources */,
				84F7683C241910F1004813F1 /* SymbolList.swift in Sources */,
				84F767F72418F2AB004813F1 /* SceneDelegate.swift in Sources */,
				84F76841241947E0004813F1 /* SymbolDataCarrier.swift in Sources */,
				84F76831241901DA004813F1 /* SymbolsViewModel.swift in Sources */,
				84F76844241A7777004813F1 /* SymbolCell.swift in Sources */,
			);
			runOnlyForDeploymentPostprocessing = 0;
		};
/* End PBXSourcesBuildPhase section */

/* Begin PBXVariantGroup section */
		84F767FA2418F2AB004813F1 /* Main.storyboard */ = {
			isa = PBXVariantGroup;
			children = (
				84F767FB2418F2AB004813F1 /* Base */,
			);
			name = Main.storyboard;
			sourceTree = "<group>";
		};
		84F768022418F2AD004813F1 /* LaunchScreen.storyboard */ = {
			isa = PBXVariantGroup;
			children = (
				84F768032418F2AD004813F1 /* Base */,
			);
			name = LaunchScreen.storyboard;
			sourceTree = "<group>";
		};
/* End PBXVariantGroup section */

/* Begin XCBuildConfiguration section */
		84F768062418F2AD004813F1 /* Debug */ = {
			isa = XCBuildConfiguration;
			buildSettings = {
				ALWAYS_SEARCH_USER_PATHS = NO;
				CLANG_ANALYZER_NONNULL = YES;
				CLANG_ANALYZER_NUMBER_OBJECT_CONVERSION = YES_AGGRESSIVE;
				CLANG_CXX_LANGUAGE_STANDARD = "gnu++14";
				CLANG_CXX_LIBRARY = "libc++";
				CLANG_ENABLE_MODULES = YES;
				CLANG_ENABLE_OBJC_ARC = YES;
				CLANG_ENABLE_OBJC_WEAK = YES;
				CLANG_WARN_BLOCK_CAPTURE_AUTORELEASING = YES;
				CLANG_WARN_BOOL_CONVERSION = YES;
				CLANG_WARN_COMMA = YES;
				CLANG_WARN_CONSTANT_CONVERSION = YES;
				CLANG_WARN_DEPRECATED_OBJC_IMPLEMENTATIONS = YES;
				CLANG_WARN_DIRECT_OBJC_ISA_USAGE = YES_ERROR;
				CLANG_WARN_DOCUMENTATION_COMMENTS = YES;
				CLANG_WARN_EMPTY_BODY = YES;
				CLANG_WARN_ENUM_CONVERSION = YES;
				CLANG_WARN_INFINITE_RECURSION = YES;
				CLANG_WARN_INT_CONVERSION = YES;
				CLANG_WARN_NON_LITERAL_NULL_CONVERSION = YES;
				CLANG_WARN_OBJC_IMPLICIT_RETAIN_SELF = YES;
				CLANG_WARN_OBJC_LITERAL_CONVERSION = YES;
				CLANG_WARN_OBJC_ROOT_CLASS = YES_ERROR;
				CLANG_WARN_RANGE_LOOP_ANALYSIS = YES;
				CLANG_WARN_STRICT_PROTOTYPES = YES;
				CLANG_WARN_SUSPICIOUS_MOVE = YES;
				CLANG_WARN_UNGUARDED_AVAILABILITY = YES_AGGRESSIVE;
				CLANG_WARN_UNREACHABLE_CODE = YES;
				CLANG_WARN__DUPLICATE_METHOD_MATCH = YES;
				COPY_PHASE_STRIP = NO;
				DEBUG_INFORMATION_FORMAT = dwarf;
				ENABLE_STRICT_OBJC_MSGSEND = YES;
				ENABLE_TESTABILITY = YES;
				GCC_C_LANGUAGE_STANDARD = gnu11;
				GCC_DYNAMIC_NO_PIC = NO;
				GCC_NO_COMMON_BLOCKS = YES;
				GCC_OPTIMIZATION_LEVEL = 0;
				GCC_PREPROCESSOR_DEFINITIONS = (
					"DEBUG=1",
					"$(inherited)",
				);
				GCC_WARN_64_TO_32_BIT_CONVERSION = YES;
				GCC_WARN_ABOUT_RETURN_TYPE = YES_ERROR;
				GCC_WARN_UNDECLARED_SELECTOR = YES;
				GCC_WARN_UNINITIALIZED_AUTOS = YES_AGGRESSIVE;
				GCC_WARN_UNUSED_FUNCTION = YES;
				GCC_WARN_UNUSED_VARIABLE = YES;
				IPHONEOS_DEPLOYMENT_TARGET = 13.2;
				MTL_ENABLE_DEBUG_INFO = INCLUDE_SOURCE;
				MTL_FAST_MATH = YES;
				ONLY_ACTIVE_ARCH = YES;
				SDKROOT = iphoneos;
				SWIFT_ACTIVE_COMPILATION_CONDITIONS = DEBUG;
				SWIFT_OPTIMIZATION_LEVEL = "-Onone";
			};
			name = Debug;
		};
		84F768072418F2AD004813F1 /* Release */ = {
			isa = XCBuildConfiguration;
			buildSettings = {
				ALWAYS_SEARCH_USER_PATHS = NO;
				CLANG_ANALYZER_NONNULL = YES;
				CLANG_ANALYZER_NUMBER_OBJECT_CONVERSION = YES_AGGRESSIVE;
				CLANG_CXX_LANGUAGE_STANDARD = "gnu++14";
				CLANG_CXX_LIBRARY = "libc++";
				CLANG_ENABLE_MODULES = YES;
				CLANG_ENABLE_OBJC_ARC = YES;
				CLANG_ENABLE_OBJC_WEAK = YES;
				CLANG_WARN_BLOCK_CAPTURE_AUTORELEASING = YES;
				CLANG_WARN_BOOL_CONVERSION = YES;
				CLANG_WARN_COMMA = YES;
				CLANG_WARN_CONSTANT_CONVERSION = YES;
				CLANG_WARN_DEPRECATED_OBJC_IMPLEMENTATIONS = YES;
				CLANG_WARN_DIRECT_OBJC_ISA_USAGE = YES_ERROR;
				CLANG_WARN_DOCUMENTATION_COMMENTS = YES;
				CLANG_WARN_EMPTY_BODY = YES;
				CLANG_WARN_ENUM_CONVERSION = YES;
				CLANG_WARN_INFINITE_RECURSION = YES;
				CLANG_WARN_INT_CONVERSION = YES;
				CLANG_WARN_NON_LITERAL_NULL_CONVERSION = YES;
				CLANG_WARN_OBJC_IMPLICIT_RETAIN_SELF = YES;
				CLANG_WARN_OBJC_LITERAL_CONVERSION = YES;
				CLANG_WARN_OBJC_ROOT_CLASS = YES_ERROR;
				CLANG_WARN_RANGE_LOOP_ANALYSIS = YES;
				CLANG_WARN_STRICT_PROTOTYPES = YES;
				CLANG_WARN_SUSPICIOUS_MOVE = YES;
				CLANG_WARN_UNGUARDED_AVAILABILITY = YES_AGGRESSIVE;
				CLANG_WARN_UNREACHABLE_CODE = YES;
				CLANG_WARN__DUPLICATE_METHOD_MATCH = YES;
				COPY_PHASE_STRIP = NO;
				DEBUG_INFORMATION_FORMAT = "dwarf-with-dsym";
				ENABLE_NS_ASSERTIONS = NO;
				ENABLE_STRICT_OBJC_MSGSEND = YES;
				GCC_C_LANGUAGE_STANDARD = gnu11;
				GCC_NO_COMMON_BLOCKS = YES;
				GCC_WARN_64_TO_32_BIT_CONVERSION = YES;
				GCC_WARN_ABOUT_RETURN_TYPE = YES_ERROR;
				GCC_WARN_UNDECLARED_SELECTOR = YES;
				GCC_WARN_UNINITIALIZED_AUTOS = YES_AGGRESSIVE;
				GCC_WARN_UNUSED_FUNCTION = YES;
				GCC_WARN_UNUSED_VARIABLE = YES;
				IPHONEOS_DEPLOYMENT_TARGET = 13.2;
				MTL_ENABLE_DEBUG_INFO = NO;
				MTL_FAST_MATH = YES;
				SDKROOT = iphoneos;
				SWIFT_COMPILATION_MODE = wholemodule;
				SWIFT_OPTIMIZATION_LEVEL = "-O";
				VALIDATE_PRODUCT = YES;
			};
			name = Release;
		};
		84F768092418F2AD004813F1 /* Debug */ = {
			isa = XCBuildConfiguration;
			baseConfigurationReference = ACD08417C959FB5EB2F4D9F3 /* Pods-ForeksCase.debug.xcconfig */;
			buildSettings = {
				ASSETCATALOG_COMPILER_APPICON_NAME = AppIcon;
				CODE_SIGN_STYLE = Automatic;
				DEVELOPMENT_TEAM = 6HTL5C62Z6;
				INFOPLIST_FILE = ForeksCase/Info.plist;
				LD_RUNPATH_SEARCH_PATHS = (
					"$(inherited)",
					"@executable_path/Frameworks",
				);
				PRODUCT_BUNDLE_IDENTIFIER = com.yt.ForeksCase;
				PRODUCT_NAME = "$(TARGET_NAME)";
				SWIFT_VERSION = 5.0;
				TARGETED_DEVICE_FAMILY = "1,2";
			};
			name = Debug;
		};
		84F7680A2418F2AD004813F1 /* Release */ = {
			isa = XCBuildConfiguration;
			baseConfigurationReference = 817F426B6584108C5B882AF3 /* Pods-ForeksCase.release.xcconfig */;
			buildSettings = {
				ASSETCATALOG_COMPILER_APPICON_NAME = AppIcon;
				CODE_SIGN_STYLE = Automatic;
				DEVELOPMENT_TEAM = 6HTL5C62Z6;
				INFOPLIST_FILE = ForeksCase/Info.plist;
				LD_RUNPATH_SEARCH_PATHS = (
					"$(inherited)",
					"@executable_path/Frameworks",
				);
				PRODUCT_BUNDLE_IDENTIFIER = com.yt.ForeksCase;
				PRODUCT_NAME = "$(TARGET_NAME)";
				SWIFT_VERSION = 5.0;
				TARGETED_DEVICE_FAMILY = "1,2";
			};
			name = Release;
		};
/* End XCBuildConfiguration section */

/* Begin XCConfigurationList section */
		84F767EC2418F2AB004813F1 /* Build configuration list for PBXProject "ForeksCase" */ = {
			isa = XCConfigurationList;
			buildConfigurations = (
				84F768062418F2AD004813F1 /* Debug */,
				84F768072418F2AD004813F1 /* Release */,
			);
			defaultConfigurationIsVisible = 0;
			defaultConfigurationName = Release;
		};
		84F768082418F2AD004813F1 /* Build configuration list for PBXNativeTarget "ForeksCase" */ = {
			isa = XCConfigurationList;
			buildConfigurations = (
				84F768092418F2AD004813F1 /* Debug */,
				84F7680A2418F2AD004813F1 /* Release */,
			);
			defaultConfigurationIsVisible = 0;
			defaultConfigurationName = Release;
		};
/* End XCConfigurationList section */

/* Begin XCVersionGroup section */
		84F767FD2418F2AB004813F1 /* ForeksCase.xcdatamodeld */ = {
			isa = XCVersionGroup;
			children = (
				84F767FE2418F2AB004813F1 /* ForeksCase.xcdatamodel */,
			);
			currentVersion = 84F767FE2418F2AB004813F1 /* ForeksCase.xcdatamodel */;
			path = ForeksCase.xcdatamodeld;
			sourceTree = "<group>";
			versionGroupType = wrapper.xcdatamodel;
		};
/* End XCVersionGroup section */
	};
	rootObject = 84F767E92418F2AB004813F1 /* Project object */;
}
